
Microsoft Visual Studio Solution File, Format Version 12.00
# Visual Studio Version 16
VisualStudioVersion = 16.0.29519.87
MinimumVisualStudioVersion = 10.0.40219.1
Project("{FAE04EC0-301F-11D3-BF4B-00C04F79EFBC}") = "MaternityHospital", "MaternityHospital\MaternityHospital.csproj", "{2792FD12-7923-4373-B8A8-B428C045B7CC}"
EndProject
Global
	GlobalSection(SolutionConfigurationPlatforms) = preSolution
		Debug|Any CPU = Debug|Any CPU
		Release|Any CPU = Release|Any CPU
	EndGlobalSection
	GlobalSection(ProjectConfigurationPlatforms) = postSolution
		{2792FD12-7923-4373-B8A8-B428C045B7CC}.Debug|Any CPU.ActiveCfg = Debug|Any CPU
		{2792FD12-7923-4373-B8A8-B428C045B7CC}.Debug|Any CPU.Build.0 = Debug|Any CPU
		{2792FD12-7923-4373-B8A8-B428C045B7CC}.Release|Any CPU.ActiveCfg = Release|Any CPU
		{2792FD12-7923-4373-B8A8-B428C045B7CC}.Release|Any CPU.Build.0 = Release|Any CPU
	EndGlobalSection
	GlobalSection(SolutionProperties) = preSolution
		HideSolutionNode = FALSE
	EndGlobalSection
	GlobalSection(ExtensibilityGlobals) = postSolution
		SolutionGuid = {E2403B47-A4DF-496A-854A-B4C09C75346B}
	EndGlobalSection
EndGlobal
